# This file was autogenerated by Stack.
# You should not edit this file by hand.
# For more information, please see the documentation at:
#   https://docs.haskellstack.org/en/stable/topics/lock_files

packages:
- completed:
    commit: 4ff3a73d8eb480902478772f1be5515967624ff6
    git: https://github.com/haskell-haskey/haskey-btree
    name: haskey-btree
    pantry-tree:
      sha256: 498f1d5f7f2be3ab180f345f4a8647ecf04b417be62094e6dbdcfe1337890fbe
      size: 3355
    version: 0.3.0.0
  original:
    commit: 4ff3a73d8eb480902478772f1be5515967624ff6
    git: https://github.com/haskell-haskey/haskey-btree
- completed:
    hackage: lz4-0.2.3.1@sha256:9d286f1c8e3e3aab86ebb8cd39b485af57c0a05d9da5baf921641012a3c83cf0,1821
    pantry-tree:
      sha256: 3a3c17d888e05430d441ddaef9cd3e350321dd7a1c60128efed92814d8dd65e3
      size: 666
  original:
    hackage: lz4-0.2.3.1
- completed:
    hackage: numerals-0.4.1@sha256:f138b4a0efbde3b3c6cbccb788eff683cb8a5d046f449729712fd174c5ee8a78,11430
    pantry-tree:
      sha256: c616791b08f1792fd1d4ca03c6d2c773dedb25b24b66454c97864aefd85a5d0a
      size: 13751
  original:
    hackage: numerals-0.4.1
- completed:
    hackage: xxhash-ffi-0.2.0.0@sha256:0b4c4fc2730dcfd5216be19a4a00bac172bcd522b18777dab23fda954feedf96,2067
    pantry-tree:
      sha256: 3099ccadce40020ac34f76674427a801aad8518a2173d5ef1f444901f317e347
      size: 565
  original:
    hackage: xxhash-ffi-0.2.0.0
snapshots:
- completed:
    sha256: 238fa745b64f91184f9aa518fe04bdde6552533d169b0da5256670df83a0f1a9
    size: 721141
    url: https://raw.githubusercontent.com/commercialhaskell/stackage-snapshots/master/lts/22/44.yaml
  original: lts-22.44
